
Microsoft Visual Studio Solution File, Format Version 12.00
# Visual Studio Version 17
VisualStudioVersion = 17.11.35327.3
MinimumVisualStudioVersion = 10.0.40219.1
Project("{9A19103F-16F7-4668-BE54-9A1E7A4F7556}") = "WebAPI", "WebAPI.csproj", "{92D8D2F6-1829-4772-B307-CE99389CB542}"
EndProject
Project("{FAE04EC0-301F-11D3-BF4B-00C04F79EFBC}") = "API.Models", "..\API.Models\API.Models.csproj", "{E1B52D64-2BAF-4BDB-9445-F3CB6ADC5C6E}"
EndProject
Global
	GlobalSection(SolutionConfigurationPlatforms) = preSolution
		Debug|Any CPU = Debug|Any CPU
		Release|Any CPU = Release|Any CPU
	EndGlobalSection
	GlobalSection(ProjectConfigurationPlatforms) = postSolution
		{92D8D2F6-1829-4772-B307-CE99389CB542}.Debug|Any CPU.ActiveCfg = Debug|Any CPU
		{92D8D2F6-1829-4772-B307-CE99389CB542}.Debug|Any CPU.Build.0 = Debug|Any CPU
		{92D8D2F6-1829-4772-B307-CE99389CB542}.Release|Any CPU.ActiveCfg = Release|Any CPU
		{92D8D2F6-1829-4772-B307-CE99389CB542}.Release|Any CPU.Build.0 = Release|Any CPU
		{E1B52D64-2BAF-4BDB-9445-F3CB6ADC5C6E}.Debug|Any CPU.ActiveCfg = Debug|Any CPU
		{E1B52D64-2BAF-4BDB-9445-F3CB6ADC5C6E}.Debug|Any CPU.Build.0 = Debug|Any CPU
		{E1B52D64-2BAF-4BDB-9445-F3CB6ADC5C6E}.Release|Any CPU.ActiveCfg = Release|Any CPU
		{E1B52D64-2BAF-4BDB-9445-F3CB6ADC5C6E}.Release|Any CPU.Build.0 = Release|Any CPU
	EndGlobalSection
	GlobalSection(SolutionProperties) = preSolution
		HideSolutionNode = FALSE
	EndGlobalSection
	GlobalSection(ExtensibilityGlobals) = postSolution
		SolutionGuid = {1BE215CF-F077-48D0-8B55-7D540C6B6BAD}
	EndGlobalSection
EndGlobal
